
Microsoft Visual Studio Solution File, Format Version 12.00
# Visual Studio Version 16
VisualStudioVersion = 16.0.29613.14
MinimumVisualStudioVersion = 10.0.40219.1
Project("{9A19103F-16F7-4668-BE54-9A1E7A4F7556}") = "ConsoleAppsProject", "FirstProject\ConsoleAppsProject.csproj", "{AD49CAED-7216-48D3-9015-5C8768D12432}"
EndProject
Global
	GlobalSection(SolutionConfigurationPlatforms) = preSolution
		Debug|Any CPU = Debug|Any CPU
		Release|Any CPU = Release|Any CPU
	EndGlobalSection
	GlobalSection(ProjectConfigurationPlatforms) = postSolution
		{AD49CAED-7216-48D3-9015-5C8768D12432}.Debug|Any CPU.ActiveCfg = Debug|Any CPU
		{AD49CAED-7216-48D3-9015-5C8768D12432}.Debug|Any CPU.Build.0 = Debug|Any CPU
		{AD49CAED-7216-48D3-9015-5C8768D12432}.Release|Any CPU.ActiveCfg = Release|Any CPU
		{AD49CAED-7216-48D3-9015-5C8768D12432}.Release|Any CPU.Build.0 = Release|Any CPU
	EndGlobalSection
	GlobalSection(SolutionProperties) = preSolution
		HideSolutionNode = FALSE
	EndGlobalSection
	GlobalSection(ExtensibilityGlobals) = postSolution
		SolutionGuid = {5279BDC4-5197-41ED-B178-78C091767F94}
	EndGlobalSection
EndGlobal
